
Microsoft Visual Studio Solution File, Format Version 12.00
# Visual Studio Version 17
VisualStudioVersion = 17.11.35208.52
MinimumVisualStudioVersion = 10.0.40219.1
Project("{9A19103F-16F7-4668-BE54-9A1E7A4F7556}") = "CQRS-WebApi V1", "CQRS-WebApi V1\CQRS-WebApi V1.csproj", "{0A81F68B-A344-4257-81C8-C2587C1A2F2A}"
EndProject
Project("{FAE04EC0-301F-11D3-BF4B-00C04F79EFBC}") = "Ezzy.Website.Client", "Ezzy.Website.Client\Ezzy.Website.Client.csproj", "{FC4A6410-C507-4E1E-8432-EA88F497CD4C}"
EndProject
Project("{FAE04EC0-301F-11D3-BF4B-00C04F79EFBC}") = "Ezzy.Website.Core", "Ezzy.Website.Core\Ezzy.Website.Core.csproj", "{18EA45A4-7264-48FC-9D83-41CFCF3007E0}"
EndProject
Project("{FAE04EC0-301F-11D3-BF4B-00C04F79EFBC}") = "Ezzy.Website.Infrastructure", "Ezzy.Website.Infrastructure\Ezzy.Website.Infrastructure.csproj", "{8813080F-9153-4CEE-AC01-801B014ADF99}"
EndProject
Global
	GlobalSection(SolutionConfigurationPlatforms) = preSolution
		Debug|Any CPU = Debug|Any CPU
		Release|Any CPU = Release|Any CPU
	EndGlobalSection
	GlobalSection(ProjectConfigurationPlatforms) = postSolution
		{0A81F68B-A344-4257-81C8-C2587C1A2F2A}.Debug|Any CPU.ActiveCfg = Debug|Any CPU
		{0A81F68B-A344-4257-81C8-C2587C1A2F2A}.Debug|Any CPU.Build.0 = Debug|Any CPU
		{0A81F68B-A344-4257-81C8-C2587C1A2F2A}.Release|Any CPU.ActiveCfg = Release|Any CPU
		{0A81F68B-A344-4257-81C8-C2587C1A2F2A}.Release|Any CPU.Build.0 = Release|Any CPU
		{FC4A6410-C507-4E1E-8432-EA88F497CD4C}.Debug|Any CPU.ActiveCfg = Debug|Any CPU
		{FC4A6410-C507-4E1E-8432-EA88F497CD4C}.Debug|Any CPU.Build.0 = Debug|Any CPU
		{FC4A6410-C507-4E1E-8432-EA88F497CD4C}.Release|Any CPU.ActiveCfg = Release|Any CPU
		{FC4A6410-C507-4E1E-8432-EA88F497CD4C}.Release|Any CPU.Build.0 = Release|Any CPU
		{18EA45A4-7264-48FC-9D83-41CFCF3007E0}.Debug|Any CPU.ActiveCfg = Debug|Any CPU
		{18EA45A4-7264-48FC-9D83-41CFCF3007E0}.Debug|Any CPU.Build.0 = Debug|Any CPU
		{18EA45A4-7264-48FC-9D83-41CFCF3007E0}.Release|Any CPU.ActiveCfg = Release|Any CPU
		{18EA45A4-7264-48FC-9D83-41CFCF3007E0}.Release|Any CPU.Build.0 = Release|Any CPU
		{8813080F-9153-4CEE-AC01-801B014ADF99}.Debug|Any CPU.ActiveCfg = Debug|Any CPU
		{8813080F-9153-4CEE-AC01-801B014ADF99}.Debug|Any CPU.Build.0 = Debug|Any CPU
		{8813080F-9153-4CEE-AC01-801B014ADF99}.Release|Any CPU.ActiveCfg = Release|Any CPU
		{8813080F-9153-4CEE-AC01-801B014ADF99}.Release|Any CPU.Build.0 = Release|Any CPU
	EndGlobalSection
	GlobalSection(SolutionProperties) = preSolution
		HideSolutionNode = FALSE
	EndGlobalSection
	GlobalSection(ExtensibilityGlobals) = postSolution
		SolutionGuid = {67C408EE-6AD5-4695-886D-E0755CD67AF2}
	EndGlobalSection
EndGlobal
